
Microsoft Visual Studio Solution File, Format Version 12.00
# Visual Studio 15
VisualStudioVersion = 15.0.27004.2002
MinimumVisualStudioVersion = 10.0.40219.1
Project("{FAE04EC0-301F-11D3-BF4B-00C04F79EFBC}") = "BackOffice", "M8_Gestion_de_Actividades_y_Localidades\BackOffice.csproj", "{20A575D7-6437-4103-88E1-052DF32B01DE}"
EndProject
Global
	GlobalSection(SolutionConfigurationPlatforms) = preSolution
		Debug|Any CPU = Debug|Any CPU
		Release|Any CPU = Release|Any CPU
	EndGlobalSection
	GlobalSection(ProjectConfigurationPlatforms) = postSolution
		{20A575D7-6437-4103-88E1-052DF32B01DE}.Debug|Any CPU.ActiveCfg = Debug|Any CPU
		{20A575D7-6437-4103-88E1-052DF32B01DE}.Debug|Any CPU.Build.0 = Debug|Any CPU
		{20A575D7-6437-4103-88E1-052DF32B01DE}.Release|Any CPU.ActiveCfg = Release|Any CPU
		{20A575D7-6437-4103-88E1-052DF32B01DE}.Release|Any CPU.Build.0 = Release|Any CPU
	EndGlobalSection
	GlobalSection(SolutionProperties) = preSolution
		HideSolutionNode = FALSE
	EndGlobalSection
	GlobalSection(ExtensibilityGlobals) = postSolution
		SolutionGuid = {D8064EB1-CA3D-4189-8843-66B45F031DAE}
	EndGlobalSection
EndGlobal
